lockfileVersion: '9.0'

settings:
  autoInstallPeers: true
  excludeLinksFromLockfile: false

importers:

  .:
    devDependencies:
      '@shikijs/core':
        specifier: 1.12.1
        version: 1.12.1
      monaco-editor-core:
        specifier: 0.50.0
        version: 0.50.0
      tm-grammars:
        specifier: 1.16.2
        version: 1.16.2
      tm-themes:
        specifier: 1.5.6
        version: 1.5.6
      typescript:
        specifier: 5.5.4
        version: 5.5.4
      vscode-css-languageservice:
        specifier: 6.3.0
        version: 6.3.0
      vscode-html-languageservice:
        specifier: 5.3.0
        version: 5.3.0
      vscode-json-languageservice:
        specifier: 5.4.0
        version: 5.4.0
      vscode-language-configurations:
        specifier: 1.92.0
        version: 1.92.0
      vscode-languageserver-textdocument:
        specifier: 1.0.12
        version: 1.0.12
      vscode-languageserver-types:
        specifier: 3.17.5
        version: 3.17.5

packages:

  '@shikijs/core@1.12.1':
    resolution: {integrity: sha512-biCz/mnkMktImI6hMfMX3H9kOeqsInxWEyCHbSlL8C/2TR1FqfmGxTLRNwYCKsyCyxWLbB8rEqXRVZuyxuLFmA==}

  '@types/hast@3.0.4':
    resolution: {integrity: sha512-WPs+bbQw5aCj+x6laNGWLH3wviHtoCv/P3+otBhbOhJgG8qtpdAMlTCxLtsTWA7LH1Oh/bFCHsBn0TPS5m30EQ==}

  '@types/unist@3.0.2':
    resolution: {integrity: sha512-dqId9J8K/vGi5Zr7oo212BGii5m3q5Hxlkwy3WpYuKPklmBEvsbMYYyLxAQpSffdLl/gdW0XUpKWFvYmyoWCoQ==}

  '@vscode/l10n@0.0.18':
    resolution: {integrity: sha512-KYSIHVmslkaCDyw013pphY+d7x1qV8IZupYfeIfzNA+nsaWHbn5uPuQRvdRFsa9zFzGeudPuoGoZ1Op4jrJXIQ==}

  jsonc-parser@3.3.1:
    resolution: {integrity: sha512-HUgH65KyejrUFPvHFPbqOY0rsFip3Bo5wb4ngvdi1EpCYWUQDC5V+Y7mZws+DLkr4M//zQJoanu1SP+87Dv1oQ==}

  monaco-editor-core@0.50.0:
    resolution: {integrity: sha512-XKdublTat9qDKwJhMbm6nnTUKA75MU7jWVooZeXcZKP0/y2jscNWQ9FpCiRtWk33Teemihx155WQ7o7xgf89eA==}

  tm-grammars@1.16.2:
    resolution: {integrity: sha512-XTxg7/sFP6pLrLaBap1tmzWQjozFUBpw2EC/uE3ElAEtxJtzVMUkPes+ixR5HC88wFdDyRxYilvIHRRCSDZ3nQ==}

  tm-themes@1.5.6:
    resolution: {integrity: sha512-VkFe5yQyqJCl/f+4Ws1MWHt1jsjEHRwCtqkOc6PWquEfS/4YZThRQpemCzmGMeSSssStR8H5iDIBflVONnCxgA==}

  typescript@5.5.4:
    resolution: {integrity: sha512-Mtq29sKDAEYP7aljRgtPOpTvOfbwRWlS6dPRzwjdE+C0R4brX/GUyhHSecbHMFLNBLcJIPt9nl9yG5TZ1weH+Q==}
    engines: {node: '>=14.17'}
    hasBin: true

  vscode-css-languageservice@6.3.0:
    resolution: {integrity: sha512-nU92imtkgzpCL0xikrIb8WvedV553F2BENzgz23wFuok/HLN5BeQmroMy26pUwFxV2eV8oNRmYCUv8iO7kSMhw==}

  vscode-html-languageservice@5.3.0:
    resolution: {integrity: sha512-C4Z3KsP5Ih+fjHpiBc5jxmvCl+4iEwvXegIrzu2F5pktbWvQaBT3YkVPk8N+QlSSMk8oCG6PKtZ/Sq2YHb5e8g==}

  vscode-json-languageservice@5.4.0:
    resolution: {integrity: sha512-NCkkCr63OHVkE4lcb0xlUAaix6vE5gHQW4NrswbLEh3ArXj81lrGuFTsGEYEUXlNHdnc53vWPcjeSy/nMTrfXg==}

  vscode-language-configurations@1.92.0:
    resolution: {integrity: sha512-JNIa9iMETtQj7zDKqLyaheA84T94kYEG2PF4I98vi1S4zjWK9SBHlNjysrZ9XYft6H0DN7zXG0XNfl/K7hoZdA==}

  vscode-languageserver-textdocument@1.0.12:
    resolution: {integrity: sha512-cxWNPesCnQCcMPeenjKKsOCKQZ/L6Tv19DTRIGuLWe32lyzWhihGVJ/rcckZXJxfdKCFvRLS3fpBIsV/ZGX4zA==}

  vscode-languageserver-types@3.17.5:
    resolution: {integrity: sha512-Ld1VelNuX9pdF39h2Hgaeb5hEZM2Z3jUrrMgWQAu82jMtZp7p3vJT3BzToKtZI7NgQssZje5o0zryOrhQvzQAg==}

  vscode-uri@3.0.8:
    resolution: {integrity: sha512-AyFQ0EVmsOZOlAnxoFOGOq1SQDWAB7C6aqMGS23svWAllfOaxbuFvcT8D1i8z3Gyn8fraVeZNNmN6e9bxxXkKw==}

snapshots:

  '@shikijs/core@1.12.1':
    dependencies:
      '@types/hast': 3.0.4

  '@types/hast@3.0.4':
    dependencies:
      '@types/unist': 3.0.2

  '@types/unist@3.0.2': {}

  '@vscode/l10n@0.0.18': {}

  jsonc-parser@3.3.1: {}

  monaco-editor-core@0.50.0: {}

  tm-grammars@1.16.2: {}

  tm-themes@1.5.6: {}

  typescript@5.5.4: {}

  vscode-css-languageservice@6.3.0:
    dependencies:
      '@vscode/l10n': 0.0.18
      vscode-languageserver-textdocument: 1.0.12
      vscode-languageserver-types: 3.17.5
      vscode-uri: 3.0.8

  vscode-html-languageservice@5.3.0:
    dependencies:
      '@vscode/l10n': 0.0.18
      vscode-languageserver-textdocument: 1.0.12
      vscode-languageserver-types: 3.17.5
      vscode-uri: 3.0.8

  vscode-json-languageservice@5.4.0:
    dependencies:
      '@vscode/l10n': 0.0.18
      jsonc-parser: 3.3.1
      vscode-languageserver-textdocument: 1.0.12
      vscode-languageserver-types: 3.17.5
      vscode-uri: 3.0.8

  vscode-language-configurations@1.92.0: {}

  vscode-languageserver-textdocument@1.0.12: {}

  vscode-languageserver-types@3.17.5: {}

  vscode-uri@3.0.8: {}
