lockfileVersion: '9.0'

settings:
  autoInstallPeers: true
  excludeLinksFromLockfile: false

importers:

  .:
    devDependencies:
      '@shikijs/core':
        specifier: 1.24.0
        version: 1.24.0
      '@shikijs/engine-oniguruma':
        specifier: 1.24.0
        version: 1.24.0
      monaco-editor-core:
        specifier: 0.52.0
        version: 0.52.0
      tm-grammars:
        specifier: 1.21.0
        version: 1.21.0
      tm-themes:
        specifier: 1.9.3
        version: 1.9.3
      typescript:
        specifier: 5.7.2
        version: 5.7.2
      vscode-css-languageservice:
        specifier: 6.3.1
        version: 6.3.1
      vscode-html-languageservice:
        specifier: 5.3.1
        version: 5.3.1
      vscode-json-languageservice:
        specifier: 5.4.1
        version: 5.4.1
      vscode-language-configurations:
        specifier: 1.92.0
        version: 1.92.0
      vscode-languageserver-textdocument:
        specifier: 1.0.12
        version: 1.0.12
      vscode-languageserver-types:
        specifier: 3.17.5
        version: 3.17.5

packages:

  '@shikijs/core@1.24.0':
    resolution: {integrity: sha512-6pvdH0KoahMzr6689yh0QJ3rCgF4j1XsXRHNEeEN6M4xJTfQ6QPWrmHzIddotg+xPJUPEPzYzYCKzpYyhTI6Gw==}

  '@shikijs/engine-javascript@1.24.0':
    resolution: {integrity: sha512-ZA6sCeSsF3Mnlxxr+4wGEJ9Tto4RHmfIS7ox8KIAbH0MTVUkw3roHPHZN+LlJMOHJJOVupe6tvuAzRpN8qK1vA==}

  '@shikijs/engine-oniguruma@1.24.0':
    resolution: {integrity: sha512-Eua0qNOL73Y82lGA4GF5P+G2+VXX9XnuUxkiUuwcxQPH4wom+tE39kZpBFXfUuwNYxHSkrSxpB1p4kyRW0moSg==}

  '@shikijs/types@1.24.0':
    resolution: {integrity: sha512-aptbEuq1Pk88DMlCe+FzXNnBZ17LCiLIGWAeCWhoFDzia5Q5Krx3DgnULLiouSdd6+LUM39XwXGppqYE0Ghtug==}

  '@shikijs/vscode-textmate@9.3.0':
    resolution: {integrity: sha512-jn7/7ky30idSkd/O5yDBfAnVt+JJpepofP/POZ1iMOxK59cOfqIgg/Dj0eFsjOTMw+4ycJN0uhZH/Eb0bs/EUA==}

  '@types/hast@3.0.4':
    resolution: {integrity: sha512-WPs+bbQw5aCj+x6laNGWLH3wviHtoCv/P3+otBhbOhJgG8qtpdAMlTCxLtsTWA7LH1Oh/bFCHsBn0TPS5m30EQ==}

  '@types/mdast@4.0.4':
    resolution: {integrity: sha512-kGaNbPh1k7AFzgpud/gMdvIm5xuECykRR+JnWKQno9TAXVa6WIVCGTPvYGekIDL4uwCZQSYbUxNBSb1aUo79oA==}

  '@types/unist@3.0.2':
    resolution: {integrity: sha512-dqId9J8K/vGi5Zr7oo212BGii5m3q5Hxlkwy3WpYuKPklmBEvsbMYYyLxAQpSffdLl/gdW0XUpKWFvYmyoWCoQ==}

  '@ungap/structured-clone@1.2.0':
    resolution: {integrity: sha512-zuVdFrMJiuCDQUMCzQaD6KL28MjnqqN8XnAqiEq9PNm/hCPTSGfrXCOfwj1ow4LFb/tNymJPwsNbVePc1xFqrQ==}

  '@vscode/l10n@0.0.18':
    resolution: {integrity: sha512-KYSIHVmslkaCDyw013pphY+d7x1qV8IZupYfeIfzNA+nsaWHbn5uPuQRvdRFsa9zFzGeudPuoGoZ1Op4jrJXIQ==}

  ccount@2.0.1:
    resolution: {integrity: sha512-eyrF0jiFpY+3drT6383f1qhkbGsLSifNAjA61IUjZjmLCWjItY6LB9ft9YhoDgwfmclB2zhu51Lc7+95b8NRAg==}

  character-entities-html4@2.1.0:
    resolution: {integrity: sha512-1v7fgQRj6hnSwFpq1Eu0ynr/CDEw0rXo2B61qXrLNdHZmPKgb7fqS1a2JwF0rISo9q77jDI8VMEHoApn8qDoZA==}

  character-entities-legacy@3.0.0:
    resolution: {integrity: sha512-RpPp0asT/6ufRm//AJVwpViZbGM/MkjQFxJccQRHmISF/22NBtsHqAWmL+/pmkPWoIUJdWyeVleTl1wydHATVQ==}

  comma-separated-tokens@2.0.3:
    resolution: {integrity: sha512-Fu4hJdvzeylCfQPp9SGWidpzrMs7tTrlu6Vb8XGaRGck8QSNZJJp538Wrb60Lax4fPwR64ViY468OIUTbRlGZg==}

  dequal@2.0.3:
    resolution: {integrity: sha512-0je+qPKHEMohvfRTCEo3CrPG6cAzAYgmzKyxRiYSSDkS6eGJdyVJm7WaYA5ECaAD9wLB2T4EEeymA5aFVcYXCA==}
    engines: {node: '>=6'}

  devlop@1.1.0:
    resolution: {integrity: sha512-RWmIqhcFf1lRYBvNmr7qTNuyCt/7/ns2jbpp1+PalgE/rDQcBT0fioSMUpJ93irlUhC5hrg4cYqe6U+0ImW0rA==}

  emoji-regex-xs@1.0.0:
    resolution: {integrity: sha512-LRlerrMYoIDrT6jgpeZ2YYl/L8EulRTt5hQcYjy5AInh7HWXKimpqx68aknBFpGL2+/IcogTcaydJEgaTmOpDg==}

  hast-util-to-html@9.0.3:
    resolution: {integrity: sha512-M17uBDzMJ9RPCqLMO92gNNUDuBSq10a25SDBI08iCCxmorf4Yy6sYHK57n9WAbRAAaU+DuR4W6GN9K4DFZesYg==}

  hast-util-whitespace@3.0.0:
    resolution: {integrity: sha512-88JUN06ipLwsnv+dVn+OIYOvAuvBMy/Qoi6O7mQHxdPXpjy+Cd6xRkWwux7DKO+4sYILtLBRIKgsdpS2gQc7qw==}

  html-void-elements@3.0.0:
    resolution: {integrity: sha512-bEqo66MRXsUGxWHV5IP0PUiAWwoEjba4VCzg0LjFJBpchPaTfyfCKTG6bc5F8ucKec3q5y6qOdGyYTSBEvhCrg==}

  jsonc-parser@3.3.1:
    resolution: {integrity: sha512-HUgH65KyejrUFPvHFPbqOY0rsFip3Bo5wb4ngvdi1EpCYWUQDC5V+Y7mZws+DLkr4M//zQJoanu1SP+87Dv1oQ==}

  mdast-util-to-hast@13.2.0:
    resolution: {integrity: sha512-QGYKEuUsYT9ykKBCMOEDLsU5JRObWQusAolFMeko/tYPufNkRffBAQjIE+99jbA87xv6FgmjLtwjh9wBWajwAA==}

  micromark-util-character@2.1.0:
    resolution: {integrity: sha512-KvOVV+X1yLBfs9dCBSopq/+G1PcgT3lAK07mC4BzXi5E7ahzMAF8oIupDDJ6mievI6F+lAATkbQQlQixJfT3aQ==}

  micromark-util-encode@2.0.0:
    resolution: {integrity: sha512-pS+ROfCXAGLWCOc8egcBvT0kf27GoWMqtdarNfDcjb6YLuV5cM3ioG45Ys2qOVqeqSbjaKg72vU+Wby3eddPsA==}

  micromark-util-sanitize-uri@2.0.0:
    resolution: {integrity: sha512-WhYv5UEcZrbAtlsnPuChHUAsu/iBPOVaEVsntLBIdpibO0ddy8OzavZz3iL2xVvBZOpolujSliP65Kq0/7KIYw==}

  micromark-util-symbol@2.0.0:
    resolution: {integrity: sha512-8JZt9ElZ5kyTnO94muPxIGS8oyElRJaiJO8EzV6ZSyGQ1Is8xwl4Q45qU5UOg+bGH4AikWziz0iN4sFLWs8PGw==}

  micromark-util-types@2.0.0:
    resolution: {integrity: sha512-oNh6S2WMHWRZrmutsRmDDfkzKtxF+bc2VxLC9dvtrDIRFln627VsFP6fLMgTryGDljgLPjkrzQSDcPrjPyDJ5w==}

  monaco-editor-core@0.52.0:
    resolution: {integrity: sha512-Ur6BNCVgBcmOc4ZizEBl+rGiYtuozztOi4fgRFnAV64sRgKOxkwC1RxGfvJa3pHedoJ2eepV8Frjnr4PbhLcYA==}

  oniguruma-to-es@0.7.0:
    resolution: {integrity: sha512-HRaRh09cE0gRS3+wi2zxekB+I5L8C/gN60S+vb11eADHUaB/q4u8wGGOX3GvwvitG8ixaeycZfeoyruKQzUgNg==}

  property-information@6.5.0:
    resolution: {integrity: sha512-PgTgs/BlvHxOu8QuEN7wi5A0OmXaBcHpmCSTehcs6Uuu9IkDIEo13Hy7n898RHfrQ49vKCoGeWZSaAK01nwVig==}

  regex-recursion@4.3.0:
    resolution: {integrity: sha512-5LcLnizwjcQ2ALfOj95MjcatxyqF5RPySx9yT+PaXu3Gox2vyAtLDjHB8NTJLtMGkvyau6nI3CfpwFCjPUIs/A==}

  regex-utilities@2.3.0:
    resolution: {integrity: sha512-8VhliFJAWRaUiVvREIiW2NXXTmHs4vMNnSzuJVhscgmGav3g9VDxLrQndI3dZZVVdp0ZO/5v0xmX516/7M9cng==}

  regex@5.0.2:
    resolution: {integrity: sha512-/pczGbKIQgfTMRV0XjABvc5RzLqQmwqxLHdQao2RTXPk+pmTXB2P0IaUHYdYyk412YLwUIkaeMd5T+RzVgTqnQ==}

  space-separated-tokens@2.0.2:
    resolution: {integrity: sha512-PEGlAwrG8yXGXRjW32fGbg66JAlOAwbObuqVoJpv/mRgoWDQfgH1wDPvtzWyUSNAXBGSk8h755YDbbcEy3SH2Q==}

  stringify-entities@4.0.4:
    resolution: {integrity: sha512-IwfBptatlO+QCJUo19AqvrPNqlVMpW9YEL2LIVY+Rpv2qsjCGxaDLNRgeGsQWJhfItebuJhsGSLjaBbNSQ+ieg==}

  tm-grammars@1.21.0:
    resolution: {integrity: sha512-+ldwr0aqSucH39iZ/ULW6iyow1D+e1sEXM9Q8W1Mx1/CtJ3tA/WKjTp/KrTd73WTBF8TNZPFt/acYHopuEYDGQ==}

  tm-themes@1.9.3:
    resolution: {integrity: sha512-zcHyfj7bgEKkU9JJI/hTjxVbAsK5LBNwO25vb9fX8OmPYvWifJKAhxI6QZtXLwRVFa6XgMsDFIvfF87ycLytOQ==}

  trim-lines@3.0.1:
    resolution: {integrity: sha512-kRj8B+YHZCc9kQYdWfJB2/oUl9rA99qbowYYBtr4ui4mZyAQ2JpvVBd/6U2YloATfqBhBTSMhTpgBHtU0Mf3Rg==}

  typescript@5.7.2:
    resolution: {integrity: sha512-i5t66RHxDvVN40HfDd1PsEThGNnlMCMT3jMUuoh9/0TaqWevNontacunWyN02LA9/fIbEWlcHZcgTKb9QoaLfg==}
    engines: {node: '>=14.17'}
    hasBin: true

  unist-util-is@6.0.0:
    resolution: {integrity: sha512-2qCTHimwdxLfz+YzdGfkqNlH0tLi9xjTnHddPmJwtIG9MGsdbutfTc4P+haPD7l7Cjxf/WZj+we5qfVPvvxfYw==}

  unist-util-position@5.0.0:
    resolution: {integrity: sha512-fucsC7HjXvkB5R3kTCO7kUjRdrS0BJt3M/FPxmHMBOm8JQi2BsHAHFsy27E0EolP8rp0NzXsJ+jNPyDWvOJZPA==}

  unist-util-stringify-position@4.0.0:
    resolution: {integrity: sha512-0ASV06AAoKCDkS2+xw5RXJywruurpbC4JZSm7nr7MOt1ojAzvyyaO+UxZf18j8FCF6kmzCZKcAgN/yu2gm2XgQ==}

  unist-util-visit-parents@6.0.1:
    resolution: {integrity: sha512-L/PqWzfTP9lzzEa6CKs0k2nARxTdZduw3zyh8d2NVBnsyvHjSX4TWse388YrrQKbvI8w20fGjGlhgT96WwKykw==}

  unist-util-visit@5.0.0:
    resolution: {integrity: sha512-MR04uvD+07cwl/yhVuVWAtw+3GOR/knlL55Nd/wAdblk27GCVt3lqpTivy/tkJcZoNPzTwS1Y+KMojlLDhoTzg==}

  vfile-message@4.0.2:
    resolution: {integrity: sha512-jRDZ1IMLttGj41KcZvlrYAaI3CfqpLpfpf+Mfig13viT6NKvRzWZ+lXz0Y5D60w6uJIBAOGq9mSHf0gktF0duw==}

  vfile@6.0.3:
    resolution: {integrity: sha512-KzIbH/9tXat2u30jf+smMwFCsno4wHVdNmzFyL+T/L3UGqqk6JKfVqOFOZEpZSHADH1k40ab6NUIXZq422ov3Q==}

  vscode-css-languageservice@6.3.1:
    resolution: {integrity: sha512-1BzTBuJfwMc3A0uX4JBdJgoxp74cjj4q2mDJdp49yD/GuAq4X0k5WtK6fNcMYr+FfJ9nqgR6lpfCSZDkARJ5qQ==}

  vscode-html-languageservice@5.3.1:
    resolution: {integrity: sha512-ysUh4hFeW/WOWz/TO9gm08xigiSsV/FOAZ+DolgJfeLftna54YdmZ4A+lIn46RbdO3/Qv5QHTn1ZGqmrXQhZyA==}

  vscode-json-languageservice@5.4.1:
    resolution: {integrity: sha512-5czFGNyVPxz3ZJYl8R3a3SuIj5gjhmGF4Wv05MRPvD4DEnHK6b8km4VbNMJNHBlTCh7A0aHzUbPVzo+0C18mCA==}

  vscode-language-configurations@1.92.0:
    resolution: {integrity: sha512-JNIa9iMETtQj7zDKqLyaheA84T94kYEG2PF4I98vi1S4zjWK9SBHlNjysrZ9XYft6H0DN7zXG0XNfl/K7hoZdA==}

  vscode-languageserver-textdocument@1.0.12:
    resolution: {integrity: sha512-cxWNPesCnQCcMPeenjKKsOCKQZ/L6Tv19DTRIGuLWe32lyzWhihGVJ/rcckZXJxfdKCFvRLS3fpBIsV/ZGX4zA==}

  vscode-languageserver-types@3.17.5:
    resolution: {integrity: sha512-Ld1VelNuX9pdF39h2Hgaeb5hEZM2Z3jUrrMgWQAu82jMtZp7p3vJT3BzToKtZI7NgQssZje5o0zryOrhQvzQAg==}

  vscode-uri@3.0.8:
    resolution: {integrity: sha512-AyFQ0EVmsOZOlAnxoFOGOq1SQDWAB7C6aqMGS23svWAllfOaxbuFvcT8D1i8z3Gyn8fraVeZNNmN6e9bxxXkKw==}

  zwitch@2.0.4:
    resolution: {integrity: sha512-bXE4cR/kVZhKZX/RjPEflHaKVhUVl85noU3v6b8apfQEc1x4A+zBxjZ4lN8LqGd6WZ3dl98pY4o717VFmoPp+A==}

snapshots:

  '@shikijs/core@1.24.0':
    dependencies:
      '@shikijs/engine-javascript': 1.24.0
      '@shikijs/engine-oniguruma': 1.24.0
      '@shikijs/types': 1.24.0
      '@shikijs/vscode-textmate': 9.3.0
      '@types/hast': 3.0.4
      hast-util-to-html: 9.0.3

  '@shikijs/engine-javascript@1.24.0':
    dependencies:
      '@shikijs/types': 1.24.0
      '@shikijs/vscode-textmate': 9.3.0
      oniguruma-to-es: 0.7.0

  '@shikijs/engine-oniguruma@1.24.0':
    dependencies:
      '@shikijs/types': 1.24.0
      '@shikijs/vscode-textmate': 9.3.0

  '@shikijs/types@1.24.0':
    dependencies:
      '@shikijs/vscode-textmate': 9.3.0
      '@types/hast': 3.0.4

  '@shikijs/vscode-textmate@9.3.0': {}

  '@types/hast@3.0.4':
    dependencies:
      '@types/unist': 3.0.2

  '@types/mdast@4.0.4':
    dependencies:
      '@types/unist': 3.0.2

  '@types/unist@3.0.2': {}

  '@ungap/structured-clone@1.2.0': {}

  '@vscode/l10n@0.0.18': {}

  ccount@2.0.1: {}

  character-entities-html4@2.1.0: {}

  character-entities-legacy@3.0.0: {}

  comma-separated-tokens@2.0.3: {}

  dequal@2.0.3: {}

  devlop@1.1.0:
    dependencies:
      dequal: 2.0.3

  emoji-regex-xs@1.0.0: {}

  hast-util-to-html@9.0.3:
    dependencies:
      '@types/hast': 3.0.4
      '@types/unist': 3.0.2
      ccount: 2.0.1
      comma-separated-tokens: 2.0.3
      hast-util-whitespace: 3.0.0
      html-void-elements: 3.0.0
      mdast-util-to-hast: 13.2.0
      property-information: 6.5.0
      space-separated-tokens: 2.0.2
      stringify-entities: 4.0.4
      zwitch: 2.0.4

  hast-util-whitespace@3.0.0:
    dependencies:
      '@types/hast': 3.0.4

  html-void-elements@3.0.0: {}

  jsonc-parser@3.3.1: {}

  mdast-util-to-hast@13.2.0:
    dependencies:
      '@types/hast': 3.0.4
      '@types/mdast': 4.0.4
      '@ungap/structured-clone': 1.2.0
      devlop: 1.1.0
      micromark-util-sanitize-uri: 2.0.0
      trim-lines: 3.0.1
      unist-util-position: 5.0.0
      unist-util-visit: 5.0.0
      vfile: 6.0.3

  micromark-util-character@2.1.0:
    dependencies:
      micromark-util-symbol: 2.0.0
      micromark-util-types: 2.0.0

  micromark-util-encode@2.0.0: {}

  micromark-util-sanitize-uri@2.0.0:
    dependencies:
      micromark-util-character: 2.1.0
      micromark-util-encode: 2.0.0
      micromark-util-symbol: 2.0.0

  micromark-util-symbol@2.0.0: {}

  micromark-util-types@2.0.0: {}

  monaco-editor-core@0.52.0: {}

  oniguruma-to-es@0.7.0:
    dependencies:
      emoji-regex-xs: 1.0.0
      regex: 5.0.2
      regex-recursion: 4.3.0

  property-information@6.5.0: {}

  regex-recursion@4.3.0:
    dependencies:
      regex-utilities: 2.3.0

  regex-utilities@2.3.0: {}

  regex@5.0.2:
    dependencies:
      regex-utilities: 2.3.0

  space-separated-tokens@2.0.2: {}

  stringify-entities@4.0.4:
    dependencies:
      character-entities-html4: 2.1.0
      character-entities-legacy: 3.0.0

  tm-grammars@1.21.0: {}

  tm-themes@1.9.3: {}

  trim-lines@3.0.1: {}

  typescript@5.7.2: {}

  unist-util-is@6.0.0:
    dependencies:
      '@types/unist': 3.0.2

  unist-util-position@5.0.0:
    dependencies:
      '@types/unist': 3.0.2

  unist-util-stringify-position@4.0.0:
    dependencies:
      '@types/unist': 3.0.2

  unist-util-visit-parents@6.0.1:
    dependencies:
      '@types/unist': 3.0.2
      unist-util-is: 6.0.0

  unist-util-visit@5.0.0:
    dependencies:
      '@types/unist': 3.0.2
      unist-util-is: 6.0.0
      unist-util-visit-parents: 6.0.1

  vfile-message@4.0.2:
    dependencies:
      '@types/unist': 3.0.2
      unist-util-stringify-position: 4.0.0

  vfile@6.0.3:
    dependencies:
      '@types/unist': 3.0.2
      vfile-message: 4.0.2

  vscode-css-languageservice@6.3.1:
    dependencies:
      '@vscode/l10n': 0.0.18
      vscode-languageserver-textdocument: 1.0.12
      vscode-languageserver-types: 3.17.5
      vscode-uri: 3.0.8

  vscode-html-languageservice@5.3.1:
    dependencies:
      '@vscode/l10n': 0.0.18
      vscode-languageserver-textdocument: 1.0.12
      vscode-languageserver-types: 3.17.5
      vscode-uri: 3.0.8

  vscode-json-languageservice@5.4.1:
    dependencies:
      '@vscode/l10n': 0.0.18
      jsonc-parser: 3.3.1
      vscode-languageserver-textdocument: 1.0.12
      vscode-languageserver-types: 3.17.5
      vscode-uri: 3.0.8

  vscode-language-configurations@1.92.0: {}

  vscode-languageserver-textdocument@1.0.12: {}

  vscode-languageserver-types@3.17.5: {}

  vscode-uri@3.0.8: {}

  zwitch@2.0.4: {}
