lockfileVersion: '9.0'

settings:
  autoInstallPeers: true
  excludeLinksFromLockfile: false

importers:

  .:
    devDependencies:
      '@shikijs/core':
        specifier: 1.6.3
        version: 1.6.3
      monaco-editor-core:
        specifier: 0.49.0
        version: 0.49.0
      tm-grammars:
        specifier: 1.12.9
        version: 1.12.9
      tm-themes:
        specifier: 1.4.3
        version: 1.4.3
      typescript:
        specifier: 5.4.5
        version: 5.4.5
      vscode-css-languageservice:
        specifier: 6.2.14
        version: 6.2.14
      vscode-html-languageservice:
        specifier: 5.2.0
        version: 5.2.0
      vscode-json-languageservice:
        specifier: 5.3.11
        version: 5.3.11
      vscode-language-configurations:
        specifier: 1.88.0
        version: 1.88.0
      vscode-languageserver-types:
        specifier: 3.17.5
        version: 3.17.5

packages:

  '@shikijs/core@1.6.3':
    resolution: {integrity: sha512-QnJKHFUW95GnlJLJGP6QLx4M69HM0KlXk+R2Y8lr/x4nAx1Yb/lsuxq4XwybuUjTxbJk+BT0g/kvn0bcsjGGHg==}

  '@vscode/l10n@0.0.18':
    resolution: {integrity: sha512-KYSIHVmslkaCDyw013pphY+d7x1qV8IZupYfeIfzNA+nsaWHbn5uPuQRvdRFsa9zFzGeudPuoGoZ1Op4jrJXIQ==}

  jsonc-parser@3.2.1:
    resolution: {integrity: sha512-AilxAyFOAcK5wA1+LeaySVBrHsGQvUFCDWXKpZjzaL0PqW+xfBOttn8GNtWKFWqneyMZj41MWF9Kl6iPWLwgOA==}

  monaco-editor-core@0.49.0:
    resolution: {integrity: sha512-MANZcpLnpcM5qceEMsdwndvyB9rlGu+Sd8mVLd6y4VpSZCQenpoUAYk0K+UAPtcnCOYhgIsR/ZS9PxzMnCFkYw==}

  tm-grammars@1.12.9:
    resolution: {integrity: sha512-6c0MSwo7SQ7+Nb/G/RiCz1wonj1JuEasKorwbRzLOGHhKd6a5VadP0piQnk0OpXVdtmI+TIDTAlbNZC/delA/w==}

  tm-themes@1.4.3:
    resolution: {integrity: sha512-nsUGwktLaWFMyKw2e/hNyDmcTIO+ue6Q2Mvb8L7WQkKSCflOm2TjGSspcJw6q7hi4QxQQNTuGICyvQN1UqtunQ==}

  typescript@5.4.5:
    resolution: {integrity: sha512-vcI4UpRgg81oIRUFwR0WSIHKt11nJ7SAVlYNIu+QpqeyXP+gpQJy/Z4+F0aGxSE4MqwjyXvW/TzgkLAx2AGHwQ==}
    engines: {node: '>=14.17'}
    hasBin: true

  vscode-css-languageservice@6.2.14:
    resolution: {integrity: sha512-5UPQ9Y1sUTnuMyaMBpO7LrBkqjhEJb5eAwdUlDp+Uez8lry+Tspnk3+3p2qWS4LlNsr4p3v9WkZxUf1ltgFpgw==}

  vscode-html-languageservice@5.2.0:
    resolution: {integrity: sha512-cdNMhyw57/SQzgUUGSIMQ66jikqEN6nBNyhx5YuOyj9310+eY9zw8Q0cXpiKzDX8aHYFewQEXRnigl06j/TVwQ==}

  vscode-json-languageservice@5.3.11:
    resolution: {integrity: sha512-WYS72Ymria3dn8ZbjtBbt5K71m05wY1Q6hpXV5JxUT0q75Ts0ljLmnZJAVpx8DjPgYbFD+Z8KHpWh2laKLUCtQ==}

  vscode-language-configurations@1.88.0:
    resolution: {integrity: sha512-jZLJwvKFb+P0hs1MP6nm3VHFD/PmTJYLJIqL8Y2vJtABthCFuizRulyoowvZ0K/yj8e8huAp5XDp3m+NSQJyVw==}

  vscode-languageserver-textdocument@1.0.11:
    resolution: {integrity: sha512-X+8T3GoiwTVlJbicx/sIAF+yuJAqz8VvwJyoMVhwEMoEKE/fkDmrqUgDMyBECcM2A2frVZIUj5HI/ErRXCfOeA==}

  vscode-languageserver-types@3.17.5:
    resolution: {integrity: sha512-Ld1VelNuX9pdF39h2Hgaeb5hEZM2Z3jUrrMgWQAu82jMtZp7p3vJT3BzToKtZI7NgQssZje5o0zryOrhQvzQAg==}

  vscode-uri@3.0.8:
    resolution: {integrity: sha512-AyFQ0EVmsOZOlAnxoFOGOq1SQDWAB7C6aqMGS23svWAllfOaxbuFvcT8D1i8z3Gyn8fraVeZNNmN6e9bxxXkKw==}

snapshots:

  '@shikijs/core@1.6.3': {}

  '@vscode/l10n@0.0.18': {}

  jsonc-parser@3.2.1: {}

  monaco-editor-core@0.49.0: {}

  tm-grammars@1.12.9: {}

  tm-themes@1.4.3: {}

  typescript@5.4.5: {}

  vscode-css-languageservice@6.2.14:
    dependencies:
      '@vscode/l10n': 0.0.18
      vscode-languageserver-textdocument: 1.0.11
      vscode-languageserver-types: 3.17.5
      vscode-uri: 3.0.8

  vscode-html-languageservice@5.2.0:
    dependencies:
      '@vscode/l10n': 0.0.18
      vscode-languageserver-textdocument: 1.0.11
      vscode-languageserver-types: 3.17.5
      vscode-uri: 3.0.8

  vscode-json-languageservice@5.3.11:
    dependencies:
      '@vscode/l10n': 0.0.18
      jsonc-parser: 3.2.1
      vscode-languageserver-textdocument: 1.0.11
      vscode-languageserver-types: 3.17.5
      vscode-uri: 3.0.8

  vscode-language-configurations@1.88.0: {}

  vscode-languageserver-textdocument@1.0.11: {}

  vscode-languageserver-types@3.17.5: {}

  vscode-uri@3.0.8: {}
